
Microsoft Visual Studio Solution File, Format Version 12.00
# Visual Studio 15
VisualStudioVersion = 15.0.27110.0
MinimumVisualStudioVersion = 10.0.40219.1
Project("{9A19103F-16F7-4668-BE54-9A1E7A4F7556}") = "xAPIWrapper", "xAPIWrapper\xAPIWrapper.csproj", "{1E772BAD-30F4-4793-AC73-702D639F3A8C}"
EndProject
Project("{9A19103F-16F7-4668-BE54-9A1E7A4F7556}") = "xAPI", "..\TinCan\xAPI.csproj", "{FC1B28B2-467F-44B4-B739-A2DBF7F8F77C}"
EndProject
Project("{9A19103F-16F7-4668-BE54-9A1E7A4F7556}") = "xAPI.Standard", "..\TinCan.Standard\xAPI.Standard.csproj", "{78491B47-15B6-42D0-BCB6-5E8EC6424BC5}"
EndProject
Project("{FAE04EC0-301F-11D3-BF4B-00C04F79EFBC}") = "xAPI.Standard.Tests", "..\TinCan.Standard.Tests\xAPI.Standard.Tests.csproj", "{C8403848-920E-4EFB-9795-5CCE99BCE007}"
EndProject
Project("{9A19103F-16F7-4668-BE54-9A1E7A4F7556}") = "xAPIWrapper.Docs", "..\TincCan.xAPIWrapper.Docs\xAPIWrapper.Docs.csproj", "{A8CBBDB9-B333-471E-9A1B-34160CFA89C2}"
EndProject
Project("{FAE04EC0-301F-11D3-BF4B-00C04F79EFBC}") = "xAPIWrapper.Test.Driod", "..\xAPIWrapper.Test.Driod\xAPIWrapper.Test.Driod.csproj", "{68C2D413-7BD8-414A-9D88-EA5524FFD33F}"
EndProject
Project("{FAE04EC0-301F-11D3-BF4B-00C04F79EFBC}") = "xAPIWrapper.Test.iOS", "..\xAPIWrapper.Test.iOS\xAPIWrapper.Test.iOS.csproj", "{CF2CA7C2-E913-4ABC-9446-C05DB3851666}"
EndProject
Project("{2150E333-8FDC-42A3-9474-1A3956D46DE8}") = "Solution Items", "Solution Items", "{F9517932-5A32-4F7C-A041-613CA3FB92DF}"
	ProjectSection(SolutionItems) = preProject
		CHANGELOG.md = CHANGELOG.md
		README.md = README.md
	EndProjectSection
EndProject
Global
	GlobalSection(SolutionConfigurationPlatforms) = preSolution
		Debug|Any CPU = Debug|Any CPU
		Debug|iPhone = Debug|iPhone
		Debug|iPhoneSimulator = Debug|iPhoneSimulator
		Release|Any CPU = Release|Any CPU
		Release|iPhone = Release|iPhone
		Release|iPhoneSimulator = Release|iPhoneSimulator
	EndGlobalSection
	GlobalSection(ProjectConfigurationPlatforms) = postSolution
		{1E772BAD-30F4-4793-AC73-702D639F3A8C}.Debug|Any CPU.ActiveCfg = Debug|Any CPU
		{1E772BAD-30F4-4793-AC73-702D639F3A8C}.Debug|Any CPU.Build.0 = Debug|Any CPU
		{1E772BAD-30F4-4793-AC73-702D639F3A8C}.Debug|iPhone.ActiveCfg = Debug|Any CPU
		{1E772BAD-30F4-4793-AC73-702D639F3A8C}.Debug|iPhone.Build.0 = Debug|Any CPU
		{1E772BAD-30F4-4793-AC73-702D639F3A8C}.Debug|iPhoneSimulator.ActiveCfg = Debug|Any CPU
		{1E772BAD-30F4-4793-AC73-702D639F3A8C}.Debug|iPhoneSimulator.Build.0 = Debug|Any CPU
		{1E772BAD-30F4-4793-AC73-702D639F3A8C}.Release|Any CPU.ActiveCfg = Release|Any CPU
		{1E772BAD-30F4-4793-AC73-702D639F3A8C}.Release|Any CPU.Build.0 = Release|Any CPU
		{1E772BAD-30F4-4793-AC73-702D639F3A8C}.Release|iPhone.ActiveCfg = Release|Any CPU
		{1E772BAD-30F4-4793-AC73-702D639F3A8C}.Release|iPhone.Build.0 = Release|Any CPU
		{1E772BAD-30F4-4793-AC73-702D639F3A8C}.Release|iPhoneSimulator.ActiveCfg = Release|Any CPU
		{1E772BAD-30F4-4793-AC73-702D639F3A8C}.Release|iPhoneSimulator.Build.0 = Release|Any CPU
		{FC1B28B2-467F-44B4-B739-A2DBF7F8F77C}.Debug|Any CPU.ActiveCfg = Debug|Any CPU
		{FC1B28B2-467F-44B4-B739-A2DBF7F8F77C}.Debug|Any CPU.Build.0 = Debug|Any CPU
		{FC1B28B2-467F-44B4-B739-A2DBF7F8F77C}.Debug|iPhone.ActiveCfg = Debug|Any CPU
		{FC1B28B2-467F-44B4-B739-A2DBF7F8F77C}.Debug|iPhone.Build.0 = Debug|Any CPU
		{FC1B28B2-467F-44B4-B739-A2DBF7F8F77C}.Debug|iPhoneSimulator.ActiveCfg = Debug|Any CPU
		{FC1B28B2-467F-44B4-B739-A2DBF7F8F77C}.Debug|iPhoneSimulator.Build.0 = Debug|Any CPU
		{FC1B28B2-467F-44B4-B739-A2DBF7F8F77C}.Release|Any CPU.ActiveCfg = Release|Any CPU
		{FC1B28B2-467F-44B4-B739-A2DBF7F8F77C}.Release|Any CPU.Build.0 = Release|Any CPU
		{FC1B28B2-467F-44B4-B739-A2DBF7F8F77C}.Release|iPhone.ActiveCfg = Release|Any CPU
		{FC1B28B2-467F-44B4-B739-A2DBF7F8F77C}.Release|iPhone.Build.0 = Release|Any CPU
		{FC1B28B2-467F-44B4-B739-A2DBF7F8F77C}.Release|iPhoneSimulator.ActiveCfg = Release|Any CPU
		{FC1B28B2-467F-44B4-B739-A2DBF7F8F77C}.Release|iPhoneSimulator.Build.0 = Release|Any CPU
		{78491B47-15B6-42D0-BCB6-5E8EC6424BC5}.Debug|Any CPU.ActiveCfg = Debug|Any CPU
		{78491B47-15B6-42D0-BCB6-5E8EC6424BC5}.Debug|Any CPU.Build.0 = Debug|Any CPU
		{78491B47-15B6-42D0-BCB6-5E8EC6424BC5}.Debug|iPhone.ActiveCfg = Debug|Any CPU
		{78491B47-15B6-42D0-BCB6-5E8EC6424BC5}.Debug|iPhone.Build.0 = Debug|Any CPU
		{78491B47-15B6-42D0-BCB6-5E8EC6424BC5}.Debug|iPhoneSimulator.ActiveCfg = Debug|Any CPU
		{78491B47-15B6-42D0-BCB6-5E8EC6424BC5}.Debug|iPhoneSimulator.Build.0 = Debug|Any CPU
		{78491B47-15B6-42D0-BCB6-5E8EC6424BC5}.Release|Any CPU.ActiveCfg = Release|Any CPU
		{78491B47-15B6-42D0-BCB6-5E8EC6424BC5}.Release|Any CPU.Build.0 = Release|Any CPU
		{78491B47-15B6-42D0-BCB6-5E8EC6424BC5}.Release|iPhone.ActiveCfg = Release|Any CPU
		{78491B47-15B6-42D0-BCB6-5E8EC6424BC5}.Release|iPhone.Build.0 = Release|Any CPU
		{78491B47-15B6-42D0-BCB6-5E8EC6424BC5}.Release|iPhoneSimulator.ActiveCfg = Release|Any CPU
		{78491B47-15B6-42D0-BCB6-5E8EC6424BC5}.Release|iPhoneSimulator.Build.0 = Release|Any CPU
		{C8403848-920E-4EFB-9795-5CCE99BCE007}.Debug|Any CPU.ActiveCfg = Debug|Any CPU
		{C8403848-920E-4EFB-9795-5CCE99BCE007}.Debug|Any CPU.Build.0 = Debug|Any CPU
		{C8403848-920E-4EFB-9795-5CCE99BCE007}.Debug|iPhone.ActiveCfg = Debug|Any CPU
		{C8403848-920E-4EFB-9795-5CCE99BCE007}.Debug|iPhone.Build.0 = Debug|Any CPU
		{C8403848-920E-4EFB-9795-5CCE99BCE007}.Debug|iPhoneSimulator.ActiveCfg = Debug|Any CPU
		{C8403848-920E-4EFB-9795-5CCE99BCE007}.Debug|iPhoneSimulator.Build.0 = Debug|Any CPU
		{C8403848-920E-4EFB-9795-5CCE99BCE007}.Release|Any CPU.ActiveCfg = Release|Any CPU
		{C8403848-920E-4EFB-9795-5CCE99BCE007}.Release|Any CPU.Build.0 = Release|Any CPU
		{C8403848-920E-4EFB-9795-5CCE99BCE007}.Release|iPhone.ActiveCfg = Release|Any CPU
		{C8403848-920E-4EFB-9795-5CCE99BCE007}.Release|iPhone.Build.0 = Release|Any CPU
		{C8403848-920E-4EFB-9795-5CCE99BCE007}.Release|iPhoneSimulator.ActiveCfg = Release|Any CPU
		{C8403848-920E-4EFB-9795-5CCE99BCE007}.Release|iPhoneSimulator.Build.0 = Release|Any CPU
		{A8CBBDB9-B333-471E-9A1B-34160CFA89C2}.Debug|Any CPU.ActiveCfg = Debug|Any CPU
		{A8CBBDB9-B333-471E-9A1B-34160CFA89C2}.Debug|Any CPU.Build.0 = Debug|Any CPU
		{A8CBBDB9-B333-471E-9A1B-34160CFA89C2}.Debug|iPhone.ActiveCfg = Debug|Any CPU
		{A8CBBDB9-B333-471E-9A1B-34160CFA89C2}.Debug|iPhone.Build.0 = Debug|Any CPU
		{A8CBBDB9-B333-471E-9A1B-34160CFA89C2}.Debug|iPhoneSimulator.ActiveCfg = Debug|Any CPU
		{A8CBBDB9-B333-471E-9A1B-34160CFA89C2}.Debug|iPhoneSimulator.Build.0 = Debug|Any CPU
		{A8CBBDB9-B333-471E-9A1B-34160CFA89C2}.Release|Any CPU.ActiveCfg = Release|Any CPU
		{A8CBBDB9-B333-471E-9A1B-34160CFA89C2}.Release|Any CPU.Build.0 = Release|Any CPU
		{A8CBBDB9-B333-471E-9A1B-34160CFA89C2}.Release|iPhone.ActiveCfg = Release|Any CPU
		{A8CBBDB9-B333-471E-9A1B-34160CFA89C2}.Release|iPhone.Build.0 = Release|Any CPU
		{A8CBBDB9-B333-471E-9A1B-34160CFA89C2}.Release|iPhoneSimulator.ActiveCfg = Release|Any CPU
		{A8CBBDB9-B333-471E-9A1B-34160CFA89C2}.Release|iPhoneSimulator.Build.0 = Release|Any CPU
		{68C2D413-7BD8-414A-9D88-EA5524FFD33F}.Debug|Any CPU.ActiveCfg = Debug|Any CPU
		{68C2D413-7BD8-414A-9D88-EA5524FFD33F}.Debug|Any CPU.Build.0 = Debug|Any CPU
		{68C2D413-7BD8-414A-9D88-EA5524FFD33F}.Debug|Any CPU.Deploy.0 = Debug|Any CPU
		{68C2D413-7BD8-414A-9D88-EA5524FFD33F}.Debug|iPhone.ActiveCfg = Debug|Any CPU
		{68C2D413-7BD8-414A-9D88-EA5524FFD33F}.Debug|iPhone.Build.0 = Debug|Any CPU
		{68C2D413-7BD8-414A-9D88-EA5524FFD33F}.Debug|iPhone.Deploy.0 = Debug|Any CPU
		{68C2D413-7BD8-414A-9D88-EA5524FFD33F}.Debug|iPhoneSimulator.ActiveCfg = Debug|Any CPU
		{68C2D413-7BD8-414A-9D88-EA5524FFD33F}.Debug|iPhoneSimulator.Build.0 = Debug|Any CPU
		{68C2D413-7BD8-414A-9D88-EA5524FFD33F}.Debug|iPhoneSimulator.Deploy.0 = Debug|Any CPU
		{68C2D413-7BD8-414A-9D88-EA5524FFD33F}.Release|Any CPU.ActiveCfg = Release|Any CPU
		{68C2D413-7BD8-414A-9D88-EA5524FFD33F}.Release|Any CPU.Build.0 = Release|Any CPU
		{68C2D413-7BD8-414A-9D88-EA5524FFD33F}.Release|Any CPU.Deploy.0 = Release|Any CPU
		{68C2D413-7BD8-414A-9D88-EA5524FFD33F}.Release|iPhone.ActiveCfg = Release|Any CPU
		{68C2D413-7BD8-414A-9D88-EA5524FFD33F}.Release|iPhone.Build.0 = Release|Any CPU
		{68C2D413-7BD8-414A-9D88-EA5524FFD33F}.Release|iPhone.Deploy.0 = Release|Any CPU
		{68C2D413-7BD8-414A-9D88-EA5524FFD33F}.Release|iPhoneSimulator.ActiveCfg = Release|Any CPU
		{68C2D413-7BD8-414A-9D88-EA5524FFD33F}.Release|iPhoneSimulator.Build.0 = Release|Any CPU
		{68C2D413-7BD8-414A-9D88-EA5524FFD33F}.Release|iPhoneSimulator.Deploy.0 = Release|Any CPU
		{CF2CA7C2-E913-4ABC-9446-C05DB3851666}.Debug|Any CPU.ActiveCfg = Debug|iPhone
		{CF2CA7C2-E913-4ABC-9446-C05DB3851666}.Debug|iPhone.ActiveCfg = Debug|iPhone
		{CF2CA7C2-E913-4ABC-9446-C05DB3851666}.Debug|iPhone.Build.0 = Debug|iPhone
		{CF2CA7C2-E913-4ABC-9446-C05DB3851666}.Debug|iPhoneSimulator.ActiveCfg = Debug|iPhoneSimulator
		{CF2CA7C2-E913-4ABC-9446-C05DB3851666}.Debug|iPhoneSimulator.Build.0 = Debug|iPhoneSimulator
		{CF2CA7C2-E913-4ABC-9446-C05DB3851666}.Release|Any CPU.ActiveCfg = Release|iPhone
		{CF2CA7C2-E913-4ABC-9446-C05DB3851666}.Release|iPhone.ActiveCfg = Release|iPhone
		{CF2CA7C2-E913-4ABC-9446-C05DB3851666}.Release|iPhone.Build.0 = Release|iPhone
		{CF2CA7C2-E913-4ABC-9446-C05DB3851666}.Release|iPhoneSimulator.ActiveCfg = Release|iPhoneSimulator
		{CF2CA7C2-E913-4ABC-9446-C05DB3851666}.Release|iPhoneSimulator.Build.0 = Release|iPhoneSimulator
	EndGlobalSection
	GlobalSection(SolutionProperties) = preSolution
		HideSolutionNode = FALSE
	EndGlobalSection
	GlobalSection(ExtensibilityGlobals) = postSolution
		SolutionGuid = {DD5F1F17-DBF1-4E98-BDDB-9D30D0182B46}
	EndGlobalSection
EndGlobal
